PODS:
  - CHCUIKit (0.1.2)
  - HCRecycleScrollView (0.1.0):
    - CHCUIKit

DEPENDENCIES:
  - HCRecycleScrollView (from `../`)

SPEC REPOS:
  trunk:
    - CHCUIKit

EXTERNAL SOURCES:
  HCRecycleScrollView:
    :path: "../"

SPEC CHECKSUMS:
  CHCUIKit: f84105c4dcc9f42917cfc0a49f1374cab3304f6b
  HCRecycleScrollView: f11bc2cbf71bdfa7c2d2809fc7dfd74f4d01e0ee

PODFILE CHECKSUM: 568ccd854499f079e197c5e1c631d3ef5bb5149f

COCOAPODS: 1.10.1
